// !$*UTF8*$!
{
	archiveVersion = 1;
	classes = {
	};
	objectVersion = 46;
	objects = {

/* Begin PBXBuildFile section */
		3925E0DF1D7316DC00FCD8AF /* AppDelegate.swift in Sources */ = {isa = PBXBuildFile; fileRef = 3925E0DE1D7316DC00FCD8AF /* AppDelegate.swift */; };
		3925E0E11D7316DC00FCD8AF /* ViewController.swift in Sources */ = {isa = PBXBuildFile; fileRef = 3925E0E01D7316DC00FCD8AF /* ViewController.swift */; };
		3925E0E41D7316DC00FCD8AF /* Main.storyboard in Resources */ = {isa = PBXBuildFile; fileRef = 3925E0E21D7316DC00FCD8AF /* Main.storyboard */; };
		3925E0E61D7316DC00FCD8AF /* Assets.xcassets in Resources */ = {isa = PBXBuildFile; fileRef = 3925E0E51D7316DC00FCD8AF /* Assets.xcassets */; };
		3925E0E91D7316DC00FCD8AF /* LaunchScreen.storyboard in Resources */ = {isa = PBXBuildFile; fileRef = 3925E0E71D7316DC00FCD8AF /* LaunchScreen.storyboard */; };
		3925E0F41D7316DC00FCD8AF /* DialogFakerTests.swift in Sources */ = {isa = PBXBuildFile; fileRef = 3925E0F31D7316DC00FCD8AF /* DialogFakerTests.swift */; };
/* End PBXBuildFile section */

/* Begin PBXContainerItemProxy section */
		3925E0F01D7316DC00FCD8AF /* PBXContainerItemProxy */ = {
			isa = PBXContainerItemProxy;
			containerPortal = 3925E0D31D7316DB00FCD8AF /* Project object */;
			proxyType = 1;
			remoteGlobalIDString = 3925E0DA1D7316DC00FCD8AF;
			remoteInfo = DialogFaker;
		};
/* End PBXContainerItemProxy section */

/* Begin PBXFileReference section */
		3925E0DB1D7316DC00FCD8AF /* DialogFaker.app */ = {isa = PBXFileReference; explicitFileType = wrapper.application; includeInIndex = 0; path = DialogFaker.app; sourceTree = BUILT_PRODUCTS_DIR; };
		3925E0DE1D7316DC00FCD8AF /* AppDelegate.swift */ = {isa = PBXFileReference; lastKnownFileType = sourcecode.swift; path = AppDelegate.swift; sourceTree = "<group>"; };
		3925E0E01D7316DC00FCD8AF /* ViewController.swift */ = {isa = PBXFileReference; lastKnownFileType = sourcecode.swift; path = ViewController.swift; sourceTree = "<group>"; };
		3925E0E31D7316DC00FCD8AF /* Base */ = {isa = PBXFileReference; lastKnownFileType = file.storyboard; name = Base; path = Base.lproj/Main.storyboard; sourceTree = "<group>"; };
		3925E0E51D7316DC00FCD8AF /* Assets.xcassets */ = {isa = PBXFileReference; lastKnownFileType = folder.assetcatalog; path = Assets.xcassets; sourceTree = "<group>"; };
		3925E0E81D7316DC00FCD8AF /* Base */ = {isa = PBXFileReference; lastKnownFileType = file.storyboard; name = Base; path = Base.lproj/LaunchScreen.storyboard; sourceTree = "<group>"; };
		3925E0EA1D7316DC00FCD8AF /* Info.plist */ = {isa = PBXFileReference; lastKnownFileType = text.plist.xml; path = Info.plist; sourceTree = "<group>"; };
		3925E0EF1D7316DC00FCD8AF /* DialogFakerTests.xctest */ = {isa = PBXFileReference; explicitFileType = wrapper.cfbundle; includeInIndex = 0; path = DialogFakerTests.xctest; sourceTree = BUILT_PRODUCTS_DIR; };
		3925E0F31D7316DC00FCD8AF /* DialogFakerTests.swift */ = {isa = PBXFileReference; lastKnownFileType = sourcecode.swift; path = DialogFakerTests.swift; sourceTree = "<group>"; };
		3925E0F51D7316DC00FCD8AF /* Info.plist */ = {isa = PBXFileReference; lastKnownFileType = text.plist.xml; path = Info.plist; sourceTree = "<group>"; };
/* End PBXFileReference section */

/* Begin PBXFrameworksBuildPhase section */
		3925E0D81D7316DC00FCD8AF /* Frameworks */ = {
			isa = PBXFrameworksBuildPhase;
			buildActionMask = 2147483647;
			files = (
			);
			runOnlyForDeploymentPostprocessing = 0;
		};
		3925E0EC1D7316DC00FCD8AF /* Frameworks */ = {
			isa = PBXFrameworksBuildPhase;
			buildActionMask = 2147483647;
			files = (
			);
			runOnlyForDeploymentPostprocessing = 0;
		};
/* End PBXFrameworksBuildPhase section */

/* Begin PBXGroup section */
		3925E0D21D7316DB00FCD8AF = {
			isa = PBXGroup;
			children = (
				3925E0DD1D7316DC00FCD8AF /* DialogFaker */,
				3925E0F21D7316DC00FCD8AF /* DialogFakerTests */,
				3925E0DC1D7316DC00FCD8AF /* Products */,
			);
			sourceTree = "<group>";
		};
		3925E0DC1D7316DC00FCD8AF /* Products */ = {
			isa = PBXGroup;
			children = (
				3925E0DB1D7316DC00FCD8AF /* DialogFaker.app */,
				3925E0EF1D7316DC00FCD8AF /* DialogFakerTests.xctest */,
			);
			name = Products;
			sourceTree = "<group>";
		};
		3925E0DD1D7316DC00FCD8AF /* DialogFaker */ = {
			isa = PBXGroup;
			children = (
				3925E0DE1D7316DC00FCD8AF /* AppDelegate.swift */,
				3925E0E01D7316DC00FCD8AF /* ViewController.swift */,
				3925E0E21D7316DC00FCD8AF /* Main.storyboard */,
				3925E0E51D7316DC00FCD8AF /* Assets.xcassets */,
				3925E0E71D7316DC00FCD8AF /* LaunchScreen.storyboard */,
				3925E0EA1D7316DC00FCD8AF /* Info.plist */,
			);
			path = DialogFaker;
			sourceTree = "<group>";
		};
		3925E0F21D7316DC00FCD8AF /* DialogFakerTests */ = {
			isa = PBXGroup;
			children = (
				3925E0F31D7316DC00FCD8AF /* DialogFakerTests.swift */,
				3925E0F51D7316DC00FCD8AF /* Info.plist */,
			);
			path = DialogFakerTests;
			sourceTree = "<group>";
		};
/* End PBXGroup section */

/* Begin PBXNativeTarget section */
		3925E0DA1D7316DC00FCD8AF /* DialogFaker */ = {
			isa = PBXNativeTarget;
			buildConfigurationList = 3925E0F81D7316DC00FCD8AF /* Build configuration list for PBXNativeTarget "DialogFaker" */;
			buildPhases = (
				3925E0D71D7316DC00FCD8AF /* Sources */,
				3925E0D81D7316DC00FCD8AF /* Frameworks */,
				3925E0D91D7316DC00FCD8AF /* Resources */,
			);
			buildRules = (
			);
			dependencies = (
			);
			name = DialogFaker;
			productName = DialogFaker;
			productReference = 3925E0DB1D7316DC00FCD8AF /* DialogFaker.app */;
			productType = "com.apple.product-type.application";
		};
		3925E0EE1D7316DC00FCD8AF /* DialogFakerTests */ = {
			isa = PBXNativeTarget;
			buildConfigurationList = 3925E0FB1D7316DC00FCD8AF /* Build configuration list for PBXNativeTarget "DialogFakerTests" */;
			buildPhases = (
				3925E0EB1D7316DC00FCD8AF /* Sources */,
				3925E0EC1D7316DC00FCD8AF /* Frameworks */,
				3925E0ED1D7316DC00FCD8AF /* Resources */,
			);
			buildRules = (
			);
			dependencies = (
				3925E0F11D7316DC00FCD8AF /* PBXTargetDependency */,
			);
			name = DialogFakerTests;
			productName = DialogFakerTests;
			productReference = 3925E0EF1D7316DC00FCD8AF /* DialogFakerTests.xctest */;
			productType = "com.apple.product-type.bundle.unit-test";
		};
/* End PBXNativeTarget section */

/* Begin PBXProject section */
		3925E0D31D7316DB00FCD8AF /* Project object */ = {
			isa = PBXProject;
			attributes = {
				LastSwiftUpdateCheck = 0730;
				LastUpgradeCheck = 0730;
				ORGANIZATIONNAME = "Артем Трубачеев";
				TargetAttributes = {
					3925E0DA1D7316DC00FCD8AF = {
						CreatedOnToolsVersion = 7.3.1;
						DevelopmentTeam = VZB2Q96A5B;
					};
					3925E0EE1D7316DC00FCD8AF = {
						CreatedOnToolsVersion = 7.3.1;
						DevelopmentTeam = VZB2Q96A5B;
						TestTargetID = 3925E0DA1D7316DC00FCD8AF;
					};
				};
			};
			buildConfigurationList = 3925E0D61D7316DB00FCD8AF /* Build configuration list for PBXProject "DialogFaker" */;
			compatibilityVersion = "Xcode 3.2";
			developmentRegion = English;
			hasScannedForEncodings = 0;
			knownRegions = (
				en,
				Base,
			);
			mainGroup = 3925E0D21D7316DB00FCD8AF;
			productRefGroup = 3925E0DC1D7316DC00FCD8AF /* Products */;
			projectDirPath = "";
			projectRoot = "";
			targets = (
				3925E0DA1D7316DC00FCD8AF /* DialogFaker */,
				3925E0EE1D7316DC00FCD8AF /* DialogFakerTests */,
			);
		};
/* End PBXProject section */

/* Begin PBXResourcesBuildPhase section */
		3925E0D91D7316DC00FCD8AF /* Resources */ = {
			isa = PBXResourcesBuildPhase;
			buildActionMask = 2147483647;
			files = (
				3925E0E91D7316DC00FCD8AF /* LaunchScreen.storyboard in Resources */,
				3925E0E61D7316DC00FCD8AF /* Assets.xcassets in Resources */,
				3925E0E41D7316DC00FCD8AF /* Main.storyboard in Resources */,
			);
			runOnlyForDeploymentPostprocessing = 0;
		};
		3925E0ED1D7316DC00FCD8AF /* Resources */ = {
			isa = PBXResourcesBuildPhase;
			buildActionMask = 2147483647;
			files = (
			);
			runOnlyForDeploymentPostprocessing = 0;
		};
/* End PBXResourcesBuildPhase section */

/* Begin PBXSourcesBuildPhase section */
		3925E0D71D7316DC00FCD8AF /* Sources */ = {
			isa = PBXSourcesBuildPhase;
			buildActionMask = 2147483647;
			files = (
				3925E0E11D7316DC00FCD8AF /* ViewController.swift in Sources */,
				3925E0DF1D7316DC00FCD8AF /* AppDelegate.swift in Sources */,
			);
			runOnlyForDeploymentPostprocessing = 0;
		};
		3925E0EB1D7316DC00FCD8AF /* Sources */ = {
			isa = PBXSourcesBuildPhase;
			buildActionMask = 2147483647;
			files = (
				3925E0F41D7316DC00FCD8AF /* DialogFakerTests.swift in Sources */,
			);
			runOnlyForDeploymentPostprocessing = 0;
		};
/* End PBXSourcesBuildPhase section */

/* Begin PBXTargetDependency section */
		3925E0F11D7316DC00FCD8AF /* PBXTargetDependency */ = {
			isa = PBXTargetDependency;
			target = 3925E0DA1D7316DC00FCD8AF /* DialogFaker */;
			targetProxy = 3925E0F01D7316DC00FCD8AF /* PBXContainerItemProxy */;
		};
/* End PBXTargetDependency section */

/* Begin PBXVariantGroup section */
		3925E0E21D7316DC00FCD8AF /* Main.storyboard */ = {
			isa = PBXVariantGroup;
			children = (
				3925E0E31D7316DC00FCD8AF /* Base */,
			);
			name = Main.storyboard;
			sourceTree = "<group>";
		};
		3925E0E71D7316DC00FCD8AF /* LaunchScreen.storyboard */ = {
			isa = PBXVariantGroup;
			children = (
				3925E0E81D7316DC00FCD8AF /* Base */,
			);
			name = LaunchScreen.storyboard;
			sourceTree = "<group>";
		};
/* End PBXVariantGroup section */

/* Begin XCBuildConfiguration section */
		3925E0F61D7316DC00FCD8AF /* Debug */ = {
			isa = XCBuildConfiguration;
			buildSettings = {
				ALWAYS_SEARCH_USER_PATHS = NO;
				CLANG_ANALYZER_NONNULL = YES;
				CLANG_CXX_LANGUAGE_STANDARD = "gnu++0x";
				CLANG_CXX_LIBRARY = "libc++";
				CLANG_ENABLE_MODULES = YES;
				CLANG_ENABLE_OBJC_ARC = YES;
				CLANG_WARN_BOOL_CONVERSION = YES;
				CLANG_WARN_CONSTANT_CONVERSION = YES;
				CLANG_WARN_DIRECT_OBJC_ISA_USAGE = YES_ERROR;
				CLANG_WARN_EMPTY_BODY = YES;
				CLANG_WARN_ENUM_CONVERSION = YES;
				CLANG_WARN_INT_CONVERSION = YES;
				CLANG_WARN_OBJC_ROOT_CLASS = YES_ERROR;
				CLANG_WARN_UNREACHABLE_CODE = YES;
				CLANG_WARN__DUPLICATE_METHOD_MATCH = YES;
				"CODE_SIGN_IDENTITY[sdk=iphoneos*]" = "iPhone Developer";
				COPY_PHASE_STRIP = NO;
				DEBUG_INFORMATION_FORMAT = dwarf;
				ENABLE_STRICT_OBJC_MSGSEND = YES;
				ENABLE_TESTABILITY = YES;
				GCC_C_LANGUAGE_STANDARD = gnu99;
				GCC_DYNAMIC_NO_PIC = NO;
				GCC_NO_COMMON_BLOCKS = YES;
				GCC_OPTIMIZATION_LEVEL = 0;
				GCC_PREPROCESSOR_DEFINITIONS = (
					"DEBUG=1",
					"$(inherited)",
				);
				GCC_WARN_64_TO_32_BIT_CONVERSION = YES;
				GCC_WARN_ABOUT_RETURN_TYPE = YES_ERROR;
				GCC_WARN_UNDECLARED_SELECTOR = YES;
				GCC_WARN_UNINITIALIZED_AUTOS = YES_AGGRESSIVE;
				GCC_WARN_UNUSED_FUNCTION = YES;
				GCC_WARN_UNUSED_VARIABLE = YES;
				IPHONEOS_DEPLOYMENT_TARGET = 9.3;
				MTL_ENABLE_DEBUG_INFO = YES;
				ONLY_ACTIVE_ARCH = YES;
				SDKROOT = iphoneos;
				SWIFT_OPTIMIZATION_LEVEL = "-Onone";
			};
			name = Debug;
		};
		3925E0F71D7316DC00FCD8AF /* Release */ = {
			isa = XCBuildConfiguration;
			buildSettings = {
				ALWAYS_SEARCH_USER_PATHS = NO;
				CLANG_ANALYZER_NONNULL = YES;
				CLANG_CXX_LANGUAGE_STANDARD = "gnu++0x";
				CLANG_CXX_LIBRARY = "libc++";
				CLANG_ENABLE_MODULES = YES;
				CLANG_ENABLE_OBJC_ARC = YES;
				CLANG_WARN_BOOL_CONVERSION = YES;
				CLANG_WARN_CONSTANT_CONVERSION = YES;
				CLANG_WARN_DIRECT_OBJC_ISA_USAGE = YES_ERROR;
				CLANG_WARN_EMPTY_BODY = YES;
				CLANG_WARN_ENUM_CONVERSION = YES;
				CLANG_WARN_INT_CONVERSION = YES;
				CLANG_WARN_OBJC_ROOT_CLASS = YES_ERROR;
				CLANG_WARN_UNREACHABLE_CODE = YES;
				CLANG_WARN__DUPLICATE_METHOD_MATCH = YES;
				"CODE_SIGN_IDENTITY[sdk=iphoneos*]" = "iPhone Developer";
				COPY_PHASE_STRIP = NO;
				DEBUG_INFORMATION_FORMAT = "dwarf-with-dsym";
				ENABLE_NS_ASSERTIONS = NO;
				ENABLE_STRICT_OBJC_MSGSEND = YES;
				GCC_C_LANGUAGE_STANDARD = gnu99;
				GCC_NO_COMMON_BLOCKS = YES;
				GCC_WARN_64_TO_32_BIT_CONVERSION = YES;
				GCC_WARN_ABOUT_RETURN_TYPE = YES_ERROR;
				GCC_WARN_UNDECLARED_SELECTOR = YES;
				GCC_WARN_UNINITIALIZED_AUTOS = YES_AGGRESSIVE;
				GCC_WARN_UNUSED_FUNCTION = YES;
				GCC_WARN_UNUSED_VARIABLE = YES;
				IPHONEOS_DEPLOYMENT_TARGET = 9.3;
				MTL_ENABLE_DEBUG_INFO = NO;
				SDKROOT = iphoneos;
				VALIDATE_PRODUCT = YES;
			};
			name = Release;
		};
		3925E0F91D7316DC00FCD8AF /* Debug */ = {
			isa = XCBuildConfiguration;
			buildSettings = {
				ASSETCATALOG_COMPILER_APPICON_NAME = AppIcon;
				INFOPLIST_FILE = DialogFaker/Info.plist;
				LD_RUNPATH_SEARCH_PATHS = "$(inherited) @executable_path/Frameworks";
				PRODUCT_BUNDLE_IDENTIFIER = Almaz5200.DialogFaker;
				PRODUCT_NAME = "$(TARGET_NAME)";
			};
			name = Debug;
		};
		3925E0FA1D7316DC00FCD8AF /* Release */ = {
			isa = XCBuildConfiguration;
			buildSettings = {
				ASSETCATALOG_COMPILER_APPICON_NAME = AppIcon;
				INFOPLIST_FILE = DialogFaker/Info.plist;
				LD_RUNPATH_SEARCH_PATHS = "$(inherited) @executable_path/Frameworks";
				PRODUCT_BUNDLE_IDENTIFIER = Almaz5200.DialogFaker;
				PRODUCT_NAME = "$(TARGET_NAME)";
			};
			name = Release;
		};
		3925E0FC1D7316DC00FCD8AF /* Debug */ = {
			isa = XCBuildConfiguration;
			buildSettings = {
				BUNDLE_LOADER = "$(TEST_HOST)";
				INFOPLIST_FILE = DialogFakerTests/Info.plist;
				LD_RUNPATH_SEARCH_PATHS = "$(inherited) @executable_path/Frameworks @loader_path/Frameworks";
				PRODUCT_BUNDLE_IDENTIFIER = Almaz5200.DialogFakerTests;
				PRODUCT_NAME = "$(TARGET_NAME)";
				TEST_HOST = "$(BUILT_PRODUCTS_DIR)/DialogFaker.app/DialogFaker";
			};
			name = Debug;
		};
		3925E0FD1D7316DC00FCD8AF /* Release */ = {
			isa = XCBuildConfiguration;
			buildSettings = {
				BUNDLE_LOADER = "$(TEST_HOST)";
				INFOPLIST_FILE = DialogFakerTests/Info.plist;
				LD_RUNPATH_SEARCH_PATHS = "$(inherited) @executable_path/Frameworks @loader_path/Frameworks";
				PRODUCT_BUNDLE_IDENTIFIER = Almaz5200.DialogFakerTests;
				PRODUCT_NAME = "$(TARGET_NAME)";
				TEST_HOST = "$(BUILT_PRODUCTS_DIR)/DialogFaker.app/DialogFaker";
			};
			name = Release;
		};
/* End XCBuildConfiguration section */

/* Begin XCConfigurationList section */
		3925E0D61D7316DB00FCD8AF /* Build configuration list for PBXProject "DialogFaker" */ = {
			isa = XCConfigurationList;
			buildConfigurations = (
				3925E0F61D7316DC00FCD8AF /* Debug */,
				3925E0F71D7316DC00FCD8AF /* Release */,
			);
			defaultConfigurationIsVisible = 0;
			defaultConfigurationName = Release;
		};
		3925E0F81D7316DC00FCD8AF /* Build configuration list for PBXNativeTarget "DialogFaker" */ = {
			isa = XCConfigurationList;
			buildConfigurations = (
				3925E0F91D7316DC00FCD8AF /* Debug */,
				3925E0FA1D7316DC00FCD8AF /* Release */,
			);
			defaultConfigurationIsVisible = 0;
		};
		3925E0FB1D7316DC00FCD8AF /* Build configuration list for PBXNativeTarget "DialogFakerTests" */ = {
			isa = XCConfigurationList;
			buildConfigurations = (
				3925E0FC1D7316DC00FCD8AF /* Debug */,
				3925E0FD1D7316DC00FCD8AF /* Release */,
			);
			defaultConfigurationIsVisible = 0;
		};
/* End XCConfigurationList section */
	};
	rootObject = 3925E0D31D7316DB00FCD8AF /* Project object */;
}
